{
  "nodes": {
    "darwin": {
      "inputs": {
        "nixpkgs": [
          "nixpkgs-darwin-stable"
        ]
      },
      "locked": {
        "lastModified": 1673295039,
        "narHash": "sha256-AsdYgE8/GPwcelGgrntlijMg4t3hLFJFCRF3tL5WVjA=",
        "owner": "lnl7",
        "repo": "nix-darwin",
        "rev": "87b9d090ad39b25b2400029c64825fc2a8868943",
        "type": "github"
      },
      "original": {
        "owner": "lnl7",
        "ref": "master",
        "repo": "nix-darwin",
        "type": "github"
      }
    },
    "home-manager": {
      "inputs": {
        "nixpkgs": [
          "nixpkgs"
        ],
        "utils": "utils"
      },
      "locked": {
        "lastModified": 1677757546,
        "narHash": "sha256-tA1ukoluctzLVyWRaKtD4KlTwgXbUsGB5vcyni1OJ9I=",
        "owner": "nix-community",
        "repo": "home-manager",
        "rev": "86bb69b0b1e10d99a30c4352f230f03106dd0f8a",
        "type": "github"
      },
      "original": {
        "owner": "nix-community",
        "ref": "release-22.11",
        "repo": "home-manager",
        "type": "github"
      }
    },
    "nix2lua": {
      "locked": {
        "lastModified": 1669103494,
        "narHash": "sha256-jEu9VyOfTMbSITGiG329vEC6K7ZNppfhd0LojxMhzK8=",
        "ref": "refs/heads/main",
        "rev": "32b5ab313597df18a81a85af67c5e1380fd4f688",
        "revCount": 13,
        "type": "git",
        "url": "https://git.pleshevski.ru/mynix/nix2lua"
      },
      "original": {
        "type": "git",
        "url": "https://git.pleshevski.ru/mynix/nix2lua"
      }
    },
    "nixpkgs": {
      "locked": {
        "lastModified": 1677779205,
        "narHash": "sha256-6DBjL9wjq86p2GczmwnHtFRnWPBPItc67gapWENBgX8=",
        "owner": "NixOS",
        "repo": "nixpkgs",
        "rev": "96e18717904dfedcd884541e5a92bf9ff632cf39",
        "type": "github"
      },
      "original": {
        "owner": "NixOS",
        "ref": "nixos-22.11",
        "repo": "nixpkgs",
        "type": "github"
      }
    },
    "nixpkgs-darwin-stable": {
      "locked": {
        "lastModified": 1677818227,
        "narHash": "sha256-q7wy/0UIuEnRCjfTd6Jkoa4HAdUMMnw8DNdEf+vbs00=",
        "owner": "nixos",
        "repo": "nixpkgs",
        "rev": "dcab12b2b5bd59b4a6ff489ec5a908cdf33b9789",
        "type": "github"
      },
      "original": {
        "owner": "nixos",
        "ref": "nixpkgs-22.11-darwin",
        "repo": "nixpkgs",
        "type": "github"
      }
    },
    "nixpkgs-unstable": {
      "locked": {
        "lastModified": 1677676435,
        "narHash": "sha256-6FxdcmQr5JeZqsQvfinIMr0XcTyTuR7EXX0H3ANShpQ=",
        "owner": "nixos",
        "repo": "nixpkgs",
        "rev": "a08d6979dd7c82c4cef0dcc6ac45ab16051c1169",
        "type": "github"
      },
      "original": {
        "owner": "nixos",
        "ref": "nixos-unstable",
        "repo": "nixpkgs",
        "type": "github"
      }
    },
    "nur": {
      "locked": {
        "lastModified": 1677847804,
        "narHash": "sha256-UR/iCLkZNFZ8jypz19oiLc6yUMHURDaqf/DEKRdGKRk=",
        "owner": "nix-community",
        "repo": "NUR",
        "rev": "32d897fbf92588d4466ae2592fde8168fec25a0f",
        "type": "github"
      },
      "original": {
        "owner": "nix-community",
        "repo": "NUR",
        "type": "github"
      }
    },
    "root": {
      "inputs": {
        "darwin": "darwin",
        "home-manager": "home-manager",
        "nix2lua": "nix2lua",
        "nixpkgs": "nixpkgs",
        "nixpkgs-darwin-stable": "nixpkgs-darwin-stable",
        "nixpkgs-unstable": "nixpkgs-unstable",
        "nur": "nur"
      }
    },
    "utils": {
      "locked": {
        "lastModified": 1667395993,
        "narHash": "sha256-nuEHfE/LcWyuSWnS8t12N1wc105Qtau+/OdUAjtQ0rA=",
        "owner": "numtide",
        "repo": "flake-utils",
        "rev": "5aed5285a952e0b949eb3ba02c12fa4fcfef535f",
        "type": "github"
      },
      "original": {
        "owner": "numtide",
        "repo": "flake-utils",
        "type": "github"
      }
    }
  },
  "root": "root",
  "version": 7
}
