{
  "nodes": {
    "darwin": {
      "inputs": {
        "nixpkgs": [
          "nixpkgs-darwin-stable"
        ]
      },
      "locked": {
        "lastModified": 1673295039,
        "narHash": "sha256-AsdYgE8/GPwcelGgrntlijMg4t3hLFJFCRF3tL5WVjA=",
        "owner": "lnl7",
        "repo": "nix-darwin",
        "rev": "87b9d090ad39b25b2400029c64825fc2a8868943",
        "type": "github"
      },
      "original": {
        "owner": "lnl7",
        "ref": "master",
        "repo": "nix-darwin",
        "type": "github"
      }
    },
    "home-manager": {
      "inputs": {
        "nixpkgs": [
          "nixpkgs"
        ],
        "utils": "utils"
      },
      "locked": {
        "lastModified": 1677757546,
        "narHash": "sha256-tA1ukoluctzLVyWRaKtD4KlTwgXbUsGB5vcyni1OJ9I=",
        "owner": "nix-community",
        "repo": "home-manager",
        "rev": "86bb69b0b1e10d99a30c4352f230f03106dd0f8a",
        "type": "github"
      },
      "original": {
        "owner": "nix-community",
        "ref": "release-22.11",
        "repo": "home-manager",
        "type": "github"
      }
    },
    "nix2lua": {
      "locked": {
        "lastModified": 1669103494,
        "narHash": "sha256-jEu9VyOfTMbSITGiG329vEC6K7ZNppfhd0LojxMhzK8=",
        "ref": "refs/heads/main",
        "rev": "32b5ab313597df18a81a85af67c5e1380fd4f688",
        "revCount": 13,
        "type": "git",
        "url": "https://git.pleshevski.ru/mynix/nix2lua"
      },
      "original": {
        "type": "git",
        "url": "https://git.pleshevski.ru/mynix/nix2lua"
      }
    },
    "nixpkgs": {
      "locked": {
        "lastModified": 1678072060,
        "narHash": "sha256-6a9Tbjhir5HxDx4uw0u6Z+LHUfYf7tsT9QxF9FN/32w=",
        "owner": "NixOS",
        "repo": "nixpkgs",
        "rev": "47c003416297e4d59a5e3e7a8b15cdbdf5110560",
        "type": "github"
      },
      "original": {
        "owner": "NixOS",
        "ref": "nixos-22.11",
        "repo": "nixpkgs",
        "type": "github"
      }
    },
    "nixpkgs-darwin-stable": {
      "locked": {
        "lastModified": 1678101631,
        "narHash": "sha256-vuuvWBNGhNSPPbFCjp2XZmBqJOvsFF1T0hyleRnHZlc=",
        "owner": "nixos",
        "repo": "nixpkgs",
        "rev": "934e613c31cf7af0624dcf088b9e2d9b802d0717",
        "type": "github"
      },
      "original": {
        "owner": "nixos",
        "ref": "nixpkgs-22.11-darwin",
        "repo": "nixpkgs",
        "type": "github"
      }
    },
    "nixpkgs-unstable": {
      "locked": {
        "lastModified": 1677932085,
        "narHash": "sha256-+AB4dYllWig8iO6vAiGGYl0NEgmMgGHpy9gzWJ3322g=",
        "owner": "nixos",
        "repo": "nixpkgs",
        "rev": "3c5319ad3aa51551182ac82ea17ab1c6b0f0df89",
        "type": "github"
      },
      "original": {
        "owner": "nixos",
        "ref": "nixos-unstable",
        "repo": "nixpkgs",
        "type": "github"
      }
    },
    "nur": {
      "locked": {
        "lastModified": 1678107241,
        "narHash": "sha256-hIRu8mUv5WQkXUhI3/6eI6sQFboWgYpxhxAncMNdAv4=",
        "owner": "nix-community",
        "repo": "NUR",
        "rev": "a1b0df6d4a7bf1bf4f6b6d7436c2bde51206302c",
        "type": "github"
      },
      "original": {
        "owner": "nix-community",
        "repo": "NUR",
        "type": "github"
      }
    },
    "root": {
      "inputs": {
        "darwin": "darwin",
        "home-manager": "home-manager",
        "nix2lua": "nix2lua",
        "nixpkgs": "nixpkgs",
        "nixpkgs-darwin-stable": "nixpkgs-darwin-stable",
        "nixpkgs-unstable": "nixpkgs-unstable",
        "nur": "nur"
      }
    },
    "utils": {
      "locked": {
        "lastModified": 1667395993,
        "narHash": "sha256-nuEHfE/LcWyuSWnS8t12N1wc105Qtau+/OdUAjtQ0rA=",
        "owner": "numtide",
        "repo": "flake-utils",
        "rev": "5aed5285a952e0b949eb3ba02c12fa4fcfef535f",
        "type": "github"
      },
      "original": {
        "owner": "numtide",
        "repo": "flake-utils",
        "type": "github"
      }
    }
  },
  "root": "root",
  "version": 7
}
